// !$*UTF8*$!
{
	archiveVersion = 1;
	classes = {
	};
	objectVersion = 77;
	objects = {

/* Begin PBXFileReference section */
		FA2218F82F748A0400E9E221 /* index.html */ = {isa = PBXFileReference; lastKnownFileType = text.html; path = index.html; sourceTree = "<group>"; };
		FA2218F92F748A0B00E9E221 /* REAMDE.md */ = {isa = PBXFileReference; lastKnownFileType = net.daringfireball.markdown; path = REAMDE.md; sourceTree = "<group>"; };
/* End PBXFileReference section */

/* Begin PBXGroup section */
		FA2218F12F7489FB00E9E221 = {
			isa = PBXGroup;
			children = (
				FA2218F82F748A0400E9E221 /* index.html */,
				FA2218F92F748A0B00E9E221 /* REAMDE.md */,
			);
			sourceTree = "<group>";
		};
/* End PBXGroup section */

/* Begin PBXProject section */
		FA2218F22F7489FB00E9E221 /* Project object */ = {
			isa = PBXProject;
			attributes = {
				BuildIndependentTargetsInParallel = 1;
				LastUpgradeCheck = 2630;
			};
			buildConfigurationList = FA2218F52F7489FB00E9E221 /* Build configuration list for PBXProject "hello-world" */;
			developmentRegion = en;
			hasScannedForEncodings = 0;
			knownRegions = (
				en,
				Base,
			);
			mainGroup = FA2218F12F7489FB00E9E221;
			minimizedProjectReferenceProxies = 1;
			preferredProjectObjectVersion = 77;
			projectDirPath = "";
			projectRoot = "";
			targets = (
			);
		};
/* End PBXProject section */

/* Begin XCBuildConfiguration section */
		FA2218F62F7489FB00E9E221 /* Debug */ = {
			isa = XCBuildConfiguration;
			buildSettings = {
			};
			name = Debug;
		};
		FA2218F72F7489FB00E9E221 /* Release */ = {
			isa = XCBuildConfiguration;
			buildSettings = {
			};
			name = Release;
		};
/* End XCBuildConfiguration section */

/* Begin XCConfigurationList section */
		FA2218F52F7489FB00E9E221 /* Build configuration list for PBXProject "hello-world" */ = {
			isa = XCConfigurationList;
			buildConfigurations = (
				FA2218F62F7489FB00E9E221 /* Debug */,
				FA2218F72F7489FB00E9E221 /* Release */,
			);
			defaultConfigurationIsVisible = 0;
			defaultConfigurationName = Release;
		};
/* End XCConfigurationList section */
	};
	rootObject = FA2218F22F7489FB00E9E221 /* Project object */;
}
